
Microsoft Visual Studio Solution File, Format Version 12.00
# Visual Studio Version 17
VisualStudioVersion = 17.3.32611.2
MinimumVisualStudioVersion = 10.0.40219.1
Project("{9A19103F-16F7-4668-BE54-9A1E7A4F7556}") = "ServiceControl", "ServiceControl\ServiceControl.csproj", "{243039B4-396D-4807-86E5-BE7A3DACEC00}"
EndProject
Project("{9A19103F-16F7-4668-BE54-9A1E7A4F7556}") = "FailedMessageCleaner", "FailedMessageCleaner\FailedMessageCleaner.csproj", "{36C72E6C-98CA-4169-8DE8-12F59A81FD36}"
EndProject
Global
	GlobalSection(SolutionConfigurationPlatforms) = preSolution
		Debug|Any CPU = Debug|Any CPU
		Release|Any CPU = Release|Any CPU
	EndGlobalSection
	GlobalSection(ProjectConfigurationPlatforms) = postSolution
		{243039B4-396D-4807-86E5-BE7A3DACEC00}.Debug|Any CPU.ActiveCfg = Debug|Any CPU
		{243039B4-396D-4807-86E5-BE7A3DACEC00}.Debug|Any CPU.Build.0 = Debug|Any CPU
		{243039B4-396D-4807-86E5-BE7A3DACEC00}.Release|Any CPU.ActiveCfg = Release|Any CPU
		{243039B4-396D-4807-86E5-BE7A3DACEC00}.Release|Any CPU.Build.0 = Release|Any CPU
		{36C72E6C-98CA-4169-8DE8-12F59A81FD36}.Debug|Any CPU.ActiveCfg = Debug|Any CPU
		{36C72E6C-98CA-4169-8DE8-12F59A81FD36}.Debug|Any CPU.Build.0 = Debug|Any CPU
		{36C72E6C-98CA-4169-8DE8-12F59A81FD36}.Release|Any CPU.ActiveCfg = Release|Any CPU
		{36C72E6C-98CA-4169-8DE8-12F59A81FD36}.Release|Any CPU.Build.0 = Release|Any CPU
	EndGlobalSection
	GlobalSection(SolutionProperties) = preSolution
		HideSolutionNode = FALSE
	EndGlobalSection
	GlobalSection(ExtensibilityGlobals) = postSolution
		SolutionGuid = {810D83BE-044B-46E8-8610-69544096B3AB}
	EndGlobalSection
EndGlobal
